
Microsoft Visual Studio Solution File, Format Version 12.00
# Visual Studio Version 17
VisualStudioVersion = 17.6.33829.357
MinimumVisualStudioVersion = 10.0.40219.1
Project("{9A19103F-16F7-4668-BE54-9A1E7A4F7556}") = "SportsStore", "SportsStore.csproj", "{4AB3BDE4-BAF7-481C-AAB0-9056D9E3315F}"
EndProject
Project("{9A19103F-16F7-4668-BE54-9A1E7A4F7556}") = "SportsStore.Tests", "..\SportsStore.Tests\SportsStore.Tests.csproj", "{FB04624C-CD0A-4193-A833-1CB6DBE163C1}"
EndProject
Global
	GlobalSection(SolutionConfigurationPlatforms) = preSolution
		Debug|Any CPU = Debug|Any CPU
		Release|Any CPU = Release|Any CPU
	EndGlobalSection
	GlobalSection(ProjectConfigurationPlatforms) = postSolution
		{4AB3BDE4-BAF7-481C-AAB0-9056D9E3315F}.Debug|Any CPU.ActiveCfg = Debug|Any CPU
		{4AB3BDE4-BAF7-481C-AAB0-9056D9E3315F}.Debug|Any CPU.Build.0 = Debug|Any CPU
		{4AB3BDE4-BAF7-481C-AAB0-9056D9E3315F}.Release|Any CPU.ActiveCfg = Release|Any CPU
		{4AB3BDE4-BAF7-481C-AAB0-9056D9E3315F}.Release|Any CPU.Build.0 = Release|Any CPU
		{FB04624C-CD0A-4193-A833-1CB6DBE163C1}.Debug|Any CPU.ActiveCfg = Debug|Any CPU
		{FB04624C-CD0A-4193-A833-1CB6DBE163C1}.Debug|Any CPU.Build.0 = Debug|Any CPU
		{FB04624C-CD0A-4193-A833-1CB6DBE163C1}.Release|Any CPU.ActiveCfg = Release|Any CPU
		{FB04624C-CD0A-4193-A833-1CB6DBE163C1}.Release|Any CPU.Build.0 = Release|Any CPU
	EndGlobalSection
	GlobalSection(SolutionProperties) = preSolution
		HideSolutionNode = FALSE
	EndGlobalSection
	GlobalSection(ExtensibilityGlobals) = postSolution
		SolutionGuid = {8B666FD8-FB64-4E05-9308-991AF599C325}
	EndGlobalSection
EndGlobal
