
Microsoft Visual Studio Solution File, Format Version 12.00
# Visual Studio Version 17
VisualStudioVersion = 17.6.33829.357
MinimumVisualStudioVersion = 10.0.40219.1
Project("{FAE04EC0-301F-11D3-BF4B-00C04F79EFBC}") = "FirstProject", "FirstProject.csproj", "{7983CE6D-BBAC-487D-912C-4D4C5E1F0109}"
EndProject
Global
	GlobalSection(SolutionConfigurationPlatforms) = preSolution
		Debug|Any CPU = Debug|Any CPU
		Release|Any CPU = Release|Any CPU
	EndGlobalSection
	GlobalSection(ProjectConfigurationPlatforms) = postSolution
		{7983CE6D-BBAC-487D-912C-4D4C5E1F0109}.Debug|Any CPU.ActiveCfg = Debug|Any CPU
		{7983CE6D-BBAC-487D-912C-4D4C5E1F0109}.Debug|Any CPU.Build.0 = Debug|Any CPU
		{7983CE6D-BBAC-487D-912C-4D4C5E1F0109}.Release|Any CPU.ActiveCfg = Release|Any CPU
		{7983CE6D-BBAC-487D-912C-4D4C5E1F0109}.Release|Any CPU.Build.0 = Release|Any CPU
	EndGlobalSection
	GlobalSection(SolutionProperties) = preSolution
		HideSolutionNode = FALSE
	EndGlobalSection
	GlobalSection(ExtensibilityGlobals) = postSolution
		SolutionGuid = {5D438380-87DE-4734-B3AB-3B6E0FBD3520}
	EndGlobalSection
EndGlobal
