
Microsoft Visual Studio Solution File, Format Version 12.00
# Visual Studio Version 17
VisualStudioVersion = 17.6.33829.357
MinimumVisualStudioVersion = 10.0.40219.1
Project("{FAE04EC0-301F-11D3-BF4B-00C04F79EFBC}") = "Platform", "Platform.csproj", "{3ED9AE35-70E7-4173-BCEC-BA10450BC8FD}"
EndProject
Global
	GlobalSection(SolutionConfigurationPlatforms) = preSolution
		Debug|Any CPU = Debug|Any CPU
		Release|Any CPU = Release|Any CPU
	EndGlobalSection
	GlobalSection(ProjectConfigurationPlatforms) = postSolution
		{3ED9AE35-70E7-4173-BCEC-BA10450BC8FD}.Debug|Any CPU.ActiveCfg = Debug|Any CPU
		{3ED9AE35-70E7-4173-BCEC-BA10450BC8FD}.Debug|Any CPU.Build.0 = Debug|Any CPU
		{3ED9AE35-70E7-4173-BCEC-BA10450BC8FD}.Release|Any CPU.ActiveCfg = Release|Any CPU
		{3ED9AE35-70E7-4173-BCEC-BA10450BC8FD}.Release|Any CPU.Build.0 = Release|Any CPU
	EndGlobalSection
	GlobalSection(SolutionProperties) = preSolution
		HideSolutionNode = FALSE
	EndGlobalSection
	GlobalSection(ExtensibilityGlobals) = postSolution
		SolutionGuid = {4FA0212A-6C96-4CD2-9B83-3806C3C012CB}
	EndGlobalSection
EndGlobal
