
Microsoft Visual Studio Solution File, Format Version 12.00
# Visual Studio Version 17
VisualStudioVersion = 17.6.33829.357
MinimumVisualStudioVersion = 10.0.40219.1
Project("{FAE04EC0-301F-11D3-BF4B-00C04F79EFBC}") = "MyProject", "MyProject\MyProject.csproj", "{D68C2E5D-B37E-4B2B-87E7-2E056DEDE72E}"
EndProject
Global
	GlobalSection(SolutionConfigurationPlatforms) = preSolution
		Debug|Any CPU = Debug|Any CPU
		Release|Any CPU = Release|Any CPU
	EndGlobalSection
	GlobalSection(ProjectConfigurationPlatforms) = postSolution
		{D68C2E5D-B37E-4B2B-87E7-2E056DEDE72E}.Debug|Any CPU.ActiveCfg = Debug|Any CPU
		{D68C2E5D-B37E-4B2B-87E7-2E056DEDE72E}.Debug|Any CPU.Build.0 = Debug|Any CPU
		{D68C2E5D-B37E-4B2B-87E7-2E056DEDE72E}.Release|Any CPU.ActiveCfg = Release|Any CPU
		{D68C2E5D-B37E-4B2B-87E7-2E056DEDE72E}.Release|Any CPU.Build.0 = Release|Any CPU
	EndGlobalSection
	GlobalSection(SolutionProperties) = preSolution
		HideSolutionNode = FALSE
	EndGlobalSection
	GlobalSection(ExtensibilityGlobals) = postSolution
		SolutionGuid = {77BD0F32-52DA-4304-9197-CFF0BC8E5C75}
	EndGlobalSection
EndGlobal
